
Microsoft Visual Studio Solution File, Format Version 12.00
# Visual Studio 2013
VisualStudioVersion = 12.0.31101.0
MinimumVisualStudioVersion = 10.0.40219.1
Project("{FAE04EC0-301F-11D3-BF4B-00C04F79EFBC}") = "PrestamosEquipos", "PrestamosEquipos\PrestamosEquipos.csproj", "{B5CB22E8-5A2E-46A4-9421-25149394029F}"
EndProject
Project("{FAE04EC0-301F-11D3-BF4B-00C04F79EFBC}") = "DAL", "DAL\DAL.csproj", "{7C36A4CC-BC57-4D43-B910-48241C470FD0}"
EndProject
Project("{FAE04EC0-301F-11D3-BF4B-00C04F79EFBC}") = "BLL", "BLL\BLL.csproj", "{DD46E3B7-70D1-4FCE-8862-DE695ADFDEAA}"
EndProject
Global
	GlobalSection(SolutionConfigurationPlatforms) = preSolution
		Debug|Any CPU = Debug|Any CPU
		Release|Any CPU = Release|Any CPU
	EndGlobalSection
	GlobalSection(ProjectConfigurationPlatforms) = postSolution
		{B5CB22E8-5A2E-46A4-9421-25149394029F}.Debug|Any CPU.ActiveCfg = Debug|Any CPU
		{B5CB22E8-5A2E-46A4-9421-25149394029F}.Debug|Any CPU.Build.0 = Debug|Any CPU
		{B5CB22E8-5A2E-46A4-9421-25149394029F}.Release|Any CPU.ActiveCfg = Release|Any CPU
		{B5CB22E8-5A2E-46A4-9421-25149394029F}.Release|Any CPU.Build.0 = Release|Any CPU
		{7C36A4CC-BC57-4D43-B910-48241C470FD0}.Debug|Any CPU.ActiveCfg = Debug|Any CPU
		{7C36A4CC-BC57-4D43-B910-48241C470FD0}.Debug|Any CPU.Build.0 = Debug|Any CPU
		{7C36A4CC-BC57-4D43-B910-48241C470FD0}.Release|Any CPU.ActiveCfg = Release|Any CPU
		{7C36A4CC-BC57-4D43-B910-48241C470FD0}.Release|Any CPU.Build.0 = Release|Any CPU
		{DD46E3B7-70D1-4FCE-8862-DE695ADFDEAA}.Debug|Any CPU.ActiveCfg = Debug|Any CPU
		{DD46E3B7-70D1-4FCE-8862-DE695ADFDEAA}.Debug|Any CPU.Build.0 = Debug|Any CPU
		{DD46E3B7-70D1-4FCE-8862-DE695ADFDEAA}.Release|Any CPU.ActiveCfg = Release|Any CPU
		{DD46E3B7-70D1-4FCE-8862-DE695ADFDEAA}.Release|Any CPU.Build.0 = Release|Any CPU
	EndGlobalSection
	GlobalSection(SolutionProperties) = preSolution
		HideSolutionNode = FALSE
	EndGlobalSection
EndGlobal
