
Microsoft Visual Studio Solution File, Format Version 12.00
# Visual Studio 2013
VisualStudioVersion = 12.0.21005.1
MinimumVisualStudioVersion = 10.0.40219.1
Project("{FAE04EC0-301F-11D3-BF4B-00C04F79EFBC}") = "GUI", "GUI\GUI.csproj", "{60C01BA2-296C-4746-B3A4-91173477CC9D}"
EndProject
Project("{FAE04EC0-301F-11D3-BF4B-00C04F79EFBC}") = "Entities", "Entities\Entities.csproj", "{49CB396D-7A60-4050-8F7E-F8F52A75556A}"
EndProject
Project("{FAE04EC0-301F-11D3-BF4B-00C04F79EFBC}") = "DAL", "DAL\DAL.csproj", "{7152BDD9-C122-48C1-8330-E4556BC54551}"
EndProject
Global
	GlobalSection(SolutionConfigurationPlatforms) = preSolution
		Debug|Any CPU = Debug|Any CPU
		Release|Any CPU = Release|Any CPU
	EndGlobalSection
	GlobalSection(ProjectConfigurationPlatforms) = postSolution
		{60C01BA2-296C-4746-B3A4-91173477CC9D}.Debug|Any CPU.ActiveCfg = Debug|Any CPU
		{60C01BA2-296C-4746-B3A4-91173477CC9D}.Debug|Any CPU.Build.0 = Debug|Any CPU
		{60C01BA2-296C-4746-B3A4-91173477CC9D}.Release|Any CPU.ActiveCfg = Release|Any CPU
		{60C01BA2-296C-4746-B3A4-91173477CC9D}.Release|Any CPU.Build.0 = Release|Any CPU
		{49CB396D-7A60-4050-8F7E-F8F52A75556A}.Debug|Any CPU.ActiveCfg = Debug|Any CPU
		{49CB396D-7A60-4050-8F7E-F8F52A75556A}.Debug|Any CPU.Build.0 = Debug|Any CPU
		{49CB396D-7A60-4050-8F7E-F8F52A75556A}.Release|Any CPU.ActiveCfg = Release|Any CPU
		{49CB396D-7A60-4050-8F7E-F8F52A75556A}.Release|Any CPU.Build.0 = Release|Any CPU
		{7152BDD9-C122-48C1-8330-E4556BC54551}.Debug|Any CPU.ActiveCfg = Debug|Any CPU
		{7152BDD9-C122-48C1-8330-E4556BC54551}.Debug|Any CPU.Build.0 = Debug|Any CPU
		{7152BDD9-C122-48C1-8330-E4556BC54551}.Release|Any CPU.ActiveCfg = Release|Any CPU
		{7152BDD9-C122-48C1-8330-E4556BC54551}.Release|Any CPU.Build.0 = Release|Any CPU
	EndGlobalSection
	GlobalSection(SolutionProperties) = preSolution
		HideSolutionNode = FALSE
	EndGlobalSection
EndGlobal
